// !$*UTF8*$!
{
	archiveVersion = 1;
	classes = {
	};
	objectVersion = 46;
	objects = {

/* Begin PBXBuildFile section */
		186F009319D1516500C8148D /* main.m in Sources */ = {isa = PBXBuildFile; fileRef = 186F009219D1516500C8148D /* main.m */; };
		186F009619D1516500C8148D /* AppDelegate.m in Sources */ = {isa = PBXBuildFile; fileRef = 186F009519D1516500C8148D /* AppDelegate.m */; };
		186F00A419D1516500C8148D /* Images.xcassets in Resources */ = {isa = PBXBuildFile; fileRef = 186F00A319D1516500C8148D /* Images.xcassets */; };
		186F00B319D1516500C8148D /* aaaTests.m in Sources */ = {isa = PBXBuildFile; fileRef = 186F00B219D1516500C8148D /* aaaTests.m */; };
		186F00C519D1547900C8148D /* CCC.m in Sources */ = {isa = PBXBuildFile; fileRef = 186F00C319D1547900C8148D /* CCC.m */; };
		186F00C619D1547900C8148D /* CCC.xib in Resources */ = {isa = PBXBuildFile; fileRef = 186F00C419D1547900C8148D /* CCC.xib */; };
/* End PBXBuildFile section */

/* Begin PBXContainerItemProxy section */
		186F00AD19D1516500C8148D /* PBXContainerItemProxy */ = {
			isa = PBXContainerItemProxy;
			containerPortal = 186F008519D1516500C8148D /* Project object */;
			proxyType = 1;
			remoteGlobalIDString = 186F008C19D1516500C8148D;
			remoteInfo = aaa;
		};
/* End PBXContainerItemProxy section */

/* Begin PBXFileReference section */
		186F008D19D1516500C8148D /* aaa.app */ = {isa = PBXFileReference; explicitFileType = wrapper.application; includeInIndex = 0; path = aaa.app; sourceTree = BUILT_PRODUCTS_DIR; };
		186F009119D1516500C8148D /* Info.plist */ = {isa = PBXFileReference; lastKnownFileType = text.plist.xml; path = Info.plist; sourceTree = "<group>"; };
		186F009219D1516500C8148D /* main.m */ = {isa = PBXFileReference; lastKnownFileType = sourcecode.c.objc; path = main.m; sourceTree = "<group>"; };
		186F009419D1516500C8148D /* AppDelegate.h */ = {isa = PBXFileReference; lastKnownFileType = sourcecode.c.h; path = AppDelegate.h; sourceTree = "<group>"; };
		186F009519D1516500C8148D /* AppDelegate.m */ = {isa = PBXFileReference; lastKnownFileType = sourcecode.c.objc; path = AppDelegate.m; sourceTree = "<group>"; };
		186F00A319D1516500C8148D /* Images.xcassets */ = {isa = PBXFileReference; lastKnownFileType = folder.assetcatalog; path = Images.xcassets; sourceTree = "<group>"; };
		186F00AC19D1516500C8148D /* aaaTests.xctest */ = {isa = PBXFileReference; explicitFileType = wrapper.cfbundle; includeInIndex = 0; path = aaaTests.xctest; sourceTree = BUILT_PRODUCTS_DIR; };
		186F00B119D1516500C8148D /* Info.plist */ = {isa = PBXFileReference; lastKnownFileType = text.plist.xml; path = Info.plist; sourceTree = "<group>"; };
		186F00B219D1516500C8148D /* aaaTests.m */ = {isa = PBXFileReference; lastKnownFileType = sourcecode.c.objc; path = aaaTests.m; sourceTree = "<group>"; };
		186F00C219D1547900C8148D /* CCC.h */ = {isa = PBXFileReference; fileEncoding = 4; lastKnownFileType = sourcecode.c.h; path = CCC.h; sourceTree = "<group>"; };
		186F00C319D1547900C8148D /* CCC.m */ = {isa = PBXFileReference; fileEncoding = 4; lastKnownFileType = sourcecode.c.objc; path = CCC.m; sourceTree = "<group>"; };
		186F00C419D1547900C8148D /* CCC.xib */ = {isa = PBXFileReference; fileEncoding = 4; lastKnownFileType = file.xib; path = CCC.xib; sourceTree = "<group>"; };
/* End PBXFileReference section */

/* Begin PBXFrameworksBuildPhase section */
		186F008A19D1516500C8148D /* Frameworks */ = {
			isa = PBXFrameworksBuildPhase;
			buildActionMask = 2147483647;
			files = (
			);
			runOnlyForDeploymentPostprocessing = 0;
		};
		186F00A919D1516500C8148D /* Frameworks */ = {
			isa = PBXFrameworksBuildPhase;
			buildActionMask = 2147483647;
			files = (
			);
			runOnlyForDeploymentPostprocessing = 0;
		};
/* End PBXFrameworksBuildPhase section */

/* Begin PBXGroup section */
		186F008419D1516500C8148D = {
			isa = PBXGroup;
			children = (
				186F008F19D1516500C8148D /* aaa */,
				186F00AF19D1516500C8148D /* aaaTests */,
				186F008E19D1516500C8148D /* Products */,
			);
			sourceTree = "<group>";
		};
		186F008E19D1516500C8148D /* Products */ = {
			isa = PBXGroup;
			children = (
				186F008D19D1516500C8148D /* aaa.app */,
				186F00AC19D1516500C8148D /* aaaTests.xctest */,
			);
			name = Products;
			sourceTree = "<group>";
		};
		186F008F19D1516500C8148D /* aaa */ = {
			isa = PBXGroup;
			children = (
				186F009419D1516500C8148D /* AppDelegate.h */,
				186F009519D1516500C8148D /* AppDelegate.m */,
				186F00A319D1516500C8148D /* Images.xcassets */,
				186F009019D1516500C8148D /* Supporting Files */,
				186F00C219D1547900C8148D /* CCC.h */,
				186F00C319D1547900C8148D /* CCC.m */,
				186F00C419D1547900C8148D /* CCC.xib */,
			);
			path = aaa;
			sourceTree = "<group>";
		};
		186F009019D1516500C8148D /* Supporting Files */ = {
			isa = PBXGroup;
			children = (
				186F009119D1516500C8148D /* Info.plist */,
				186F009219D1516500C8148D /* main.m */,
			);
			name = "Supporting Files";
			sourceTree = "<group>";
		};
		186F00AF19D1516500C8148D /* aaaTests */ = {
			isa = PBXGroup;
			children = (
				186F00B219D1516500C8148D /* aaaTests.m */,
				186F00B019D1516500C8148D /* Supporting Files */,
			);
			path = aaaTests;
			sourceTree = "<group>";
		};
		186F00B019D1516500C8148D /* Supporting Files */ = {
			isa = PBXGroup;
			children = (
				186F00B119D1516500C8148D /* Info.plist */,
			);
			name = "Supporting Files";
			sourceTree = "<group>";
		};
/* End PBXGroup section */

/* Begin PBXNativeTarget section */
		186F008C19D1516500C8148D /* aaa */ = {
			isa = PBXNativeTarget;
			buildConfigurationList = 186F00B619D1516500C8148D /* Build configuration list for PBXNativeTarget "aaa" */;
			buildPhases = (
				186F008919D1516500C8148D /* Sources */,
				186F008A19D1516500C8148D /* Frameworks */,
				186F008B19D1516500C8148D /* Resources */,
			);
			buildRules = (
			);
			dependencies = (
			);
			name = aaa;
			productName = aaa;
			productReference = 186F008D19D1516500C8148D /* aaa.app */;
			productType = "com.apple.product-type.application";
		};
		186F00AB19D1516500C8148D /* aaaTests */ = {
			isa = PBXNativeTarget;
			buildConfigurationList = 186F00B919D1516500C8148D /* Build configuration list for PBXNativeTarget "aaaTests" */;
			buildPhases = (
				186F00A819D1516500C8148D /* Sources */,
				186F00A919D1516500C8148D /* Frameworks */,
				186F00AA19D1516500C8148D /* Resources */,
			);
			buildRules = (
			);
			dependencies = (
				186F00AE19D1516500C8148D /* PBXTargetDependency */,
			);
			name = aaaTests;
			productName = aaaTests;
			productReference = 186F00AC19D1516500C8148D /* aaaTests.xctest */;
			productType = "com.apple.product-type.bundle.unit-test";
		};
/* End PBXNativeTarget section */

/* Begin PBXProject section */
		186F008519D1516500C8148D /* Project object */ = {
			isa = PBXProject;
			attributes = {
				LastUpgradeCheck = 0600;
				ORGANIZATIONNAME = meishij;
				TargetAttributes = {
					186F008C19D1516500C8148D = {
						CreatedOnToolsVersion = 6.0.1;
					};
					186F00AB19D1516500C8148D = {
						CreatedOnToolsVersion = 6.0.1;
						TestTargetID = 186F008C19D1516500C8148D;
					};
				};
			};
			buildConfigurationList = 186F008819D1516500C8148D /* Build configuration list for PBXProject "aaa" */;
			compatibilityVersion = "Xcode 3.2";
			developmentRegion = English;
			hasScannedForEncodings = 0;
			knownRegions = (
				en,
				Base,
			);
			mainGroup = 186F008419D1516500C8148D;
			productRefGroup = 186F008E19D1516500C8148D /* Products */;
			projectDirPath = "";
			projectRoot = "";
			targets = (
				186F008C19D1516500C8148D /* aaa */,
				186F00AB19D1516500C8148D /* aaaTests */,
			);
		};
/* End PBXProject section */

/* Begin PBXResourcesBuildPhase section */
		186F008B19D1516500C8148D /* Resources */ = {
			isa = PBXResourcesBuildPhase;
			buildActionMask = 2147483647;
			files = (
				186F00C619D1547900C8148D /* CCC.xib in Resources */,
				186F00A419D1516500C8148D /* Images.xcassets in Resources */,
			);
			runOnlyForDeploymentPostprocessing = 0;
		};
		186F00AA19D1516500C8148D /* Resources */ = {
			isa = PBXResourcesBuildPhase;
			buildActionMask = 2147483647;
			files = (
			);
			runOnlyForDeploymentPostprocessing = 0;
		};
/* End PBXResourcesBuildPhase section */

/* Begin PBXSourcesBuildPhase section */
		186F008919D1516500C8148D /* Sources */ = {
			isa = PBXSourcesBuildPhase;
			buildActionMask = 2147483647;
			files = (
				186F00C519D1547900C8148D /* CCC.m in Sources */,
				186F009619D1516500C8148D /* AppDelegate.m in Sources */,
				186F009319D1516500C8148D /* main.m in Sources */,
			);
			runOnlyForDeploymentPostprocessing = 0;
		};
		186F00A819D1516500C8148D /* Sources */ = {
			isa = PBXSourcesBuildPhase;
			buildActionMask = 2147483647;
			files = (
				186F00B319D1516500C8148D /* aaaTests.m in Sources */,
			);
			runOnlyForDeploymentPostprocessing = 0;
		};
/* End PBXSourcesBuildPhase section */

/* Begin PBXTargetDependency section */
		186F00AE19D1516500C8148D /* PBXTargetDependency */ = {
			isa = PBXTargetDependency;
			target = 186F008C19D1516500C8148D /* aaa */;
			targetProxy = 186F00AD19D1516500C8148D /* PBXContainerItemProxy */;
		};
/* End PBXTargetDependency section */

/* Begin XCBuildConfiguration section */
		186F00B419D1516500C8148D /* Debug */ = {
			isa = XCBuildConfiguration;
			buildSettings = {
				ALWAYS_SEARCH_USER_PATHS = NO;
				CLANG_CXX_LANGUAGE_STANDARD = "gnu++0x";
				CLANG_CXX_LIBRARY = "libc++";
				CLANG_ENABLE_MODULES = YES;
				CLANG_ENABLE_OBJC_ARC = YES;
				CLANG_WARN_BOOL_CONVERSION = YES;
				CLANG_WARN_CONSTANT_CONVERSION = YES;
				CLANG_WARN_DIRECT_OBJC_ISA_USAGE = YES_ERROR;
				CLANG_WARN_EMPTY_BODY = YES;
				CLANG_WARN_ENUM_CONVERSION = YES;
				CLANG_WARN_INT_CONVERSION = YES;
				CLANG_WARN_OBJC_ROOT_CLASS = YES_ERROR;
				CLANG_WARN_UNREACHABLE_CODE = YES;
				CLANG_WARN__DUPLICATE_METHOD_MATCH = YES;
				"CODE_SIGN_IDENTITY[sdk=iphoneos*]" = "iPhone Developer";
				COPY_PHASE_STRIP = NO;
				ENABLE_STRICT_OBJC_MSGSEND = YES;
				GCC_C_LANGUAGE_STANDARD = gnu99;
				GCC_DYNAMIC_NO_PIC = NO;
				GCC_OPTIMIZATION_LEVEL = 0;
				GCC_PREPROCESSOR_DEFINITIONS = (
					"DEBUG=1",
					"$(inherited)",
				);
				GCC_SYMBOLS_PRIVATE_EXTERN = NO;
				GCC_WARN_64_TO_32_BIT_CONVERSION = YES;
				GCC_WARN_ABOUT_RETURN_TYPE = YES_ERROR;
				GCC_WARN_UNDECLARED_SELECTOR = YES;
				GCC_WARN_UNINITIALIZED_AUTOS = YES_AGGRESSIVE;
				GCC_WARN_UNUSED_FUNCTION = YES;
				GCC_WARN_UNUSED_VARIABLE = YES;
				IPHONEOS_DEPLOYMENT_TARGET = 8.0;
				MTL_ENABLE_DEBUG_INFO = YES;
				ONLY_ACTIVE_ARCH = YES;
				SDKROOT = iphoneos;
			};
			name = Debug;
		};
		186F00B519D1516500C8148D /* Release */ = {
			isa = XCBuildConfiguration;
			buildSettings = {
				ALWAYS_SEARCH_USER_PATHS = NO;
				CLANG_CXX_LANGUAGE_STANDARD = "gnu++0x";
				CLANG_CXX_LIBRARY = "libc++";
				CLANG_ENABLE_MODULES = YES;
				CLANG_ENABLE_OBJC_ARC = YES;
				CLANG_WARN_BOOL_CONVERSION = YES;
				CLANG_WARN_CONSTANT_CONVERSION = YES;
				CLANG_WARN_DIRECT_OBJC_ISA_USAGE = YES_ERROR;
				CLANG_WARN_EMPTY_BODY = YES;
				CLANG_WARN_ENUM_CONVERSION = YES;
				CLANG_WARN_INT_CONVERSION = YES;
				CLANG_WARN_OBJC_ROOT_CLASS = YES_ERROR;
				CLANG_WARN_UNREACHABLE_CODE = YES;
				CLANG_WARN__DUPLICATE_METHOD_MATCH = YES;
				"CODE_SIGN_IDENTITY[sdk=iphoneos*]" = "iPhone Developer";
				COPY_PHASE_STRIP = YES;
				ENABLE_NS_ASSERTIONS = NO;
				ENABLE_STRICT_OBJC_MSGSEND = YES;
				GCC_C_LANGUAGE_STANDARD = gnu99;
				GCC_WARN_64_TO_32_BIT_CONVERSION = YES;
				GCC_WARN_ABOUT_RETURN_TYPE = YES_ERROR;
				GCC_WARN_UNDECLARED_SELECTOR = YES;
				GCC_WARN_UNINITIALIZED_AUTOS = YES_AGGRESSIVE;
				GCC_WARN_UNUSED_FUNCTION = YES;
				GCC_WARN_UNUSED_VARIABLE = YES;
				IPHONEOS_DEPLOYMENT_TARGET = 8.0;
				MTL_ENABLE_DEBUG_INFO = NO;
				SDKROOT = iphoneos;
				VALIDATE_PRODUCT = YES;
			};
			name = Release;
		};
		186F00B719D1516500C8148D /* Debug */ = {
			isa = XCBuildConfiguration;
			buildSettings = {
				ASSETCATALOG_COMPILER_APPICON_NAME = AppIcon;
				INFOPLIST_FILE = aaa/Info.plist;
				LD_RUNPATH_SEARCH_PATHS = "$(inherited) @executable_path/Frameworks";
				PRODUCT_NAME = "$(TARGET_NAME)";
			};
			name = Debug;
		};
		186F00B819D1516500C8148D /* Release */ = {
			isa = XCBuildConfiguration;
			buildSettings = {
				ASSETCATALOG_COMPILER_APPICON_NAME = AppIcon;
				INFOPLIST_FILE = aaa/Info.plist;
				LD_RUNPATH_SEARCH_PATHS = "$(inherited) @executable_path/Frameworks";
				PRODUCT_NAME = "$(TARGET_NAME)";
			};
			name = Release;
		};
		186F00BA19D1516500C8148D /* Debug */ = {
			isa = XCBuildConfiguration;
			buildSettings = {
				BUNDLE_LOADER = "$(TEST_HOST)";
				FRAMEWORK_SEARCH_PATHS = (
					"$(SDKROOT)/Developer/Library/Frameworks",
					"$(inherited)",
				);
				GCC_PREPROCESSOR_DEFINITIONS = (
					"DEBUG=1",
					"$(inherited)",
				);
				INFOPLIST_FILE = aaaTests/Info.plist;
				LD_RUNPATH_SEARCH_PATHS = "$(inherited) @executable_path/Frameworks @loader_path/Frameworks";
				PRODUCT_NAME = "$(TARGET_NAME)";
				TEST_HOST = "$(BUILT_PRODUCTS_DIR)/aaa.app/aaa";
			};
			name = Debug;
		};
		186F00BB19D1516500C8148D /* Release */ = {
			isa = XCBuildConfiguration;
			buildSettings = {
				BUNDLE_LOADER = "$(TEST_HOST)";
				FRAMEWORK_SEARCH_PATHS = (
					"$(SDKROOT)/Developer/Library/Frameworks",
					"$(inherited)",
				);
				INFOPLIST_FILE = aaaTests/Info.plist;
				LD_RUNPATH_SEARCH_PATHS = "$(inherited) @executable_path/Frameworks @loader_path/Frameworks";
				PRODUCT_NAME = "$(TARGET_NAME)";
				TEST_HOST = "$(BUILT_PRODUCTS_DIR)/aaa.app/aaa";
			};
			name = Release;
		};
/* End XCBuildConfiguration section */

/* Begin XCConfigurationList section */
		186F008819D1516500C8148D /* Build configuration list for PBXProject "aaa" */ = {
			isa = XCConfigurationList;
			buildConfigurations = (
				186F00B419D1516500C8148D /* Debug */,
				186F00B519D1516500C8148D /* Release */,
			);
			defaultConfigurationIsVisible = 0;
			defaultConfigurationName = Release;
		};
		186F00B619D1516500C8148D /* Build configuration list for PBXNativeTarget "aaa" */ = {
			isa = XCConfigurationList;
			buildConfigurations = (
				186F00B719D1516500C8148D /* Debug */,
				186F00B819D1516500C8148D /* Release */,
			);
			defaultConfigurationIsVisible = 0;
		};
		186F00B919D1516500C8148D /* Build configuration list for PBXNativeTarget "aaaTests" */ = {
			isa = XCConfigurationList;
			buildConfigurations = (
				186F00BA19D1516500C8148D /* Debug */,
				186F00BB19D1516500C8148D /* Release */,
			);
			defaultConfigurationIsVisible = 0;
		};
/* End XCConfigurationList section */
	};
	rootObject = 186F008519D1516500C8148D /* Project object */;
}
